
Microsoft Visual Studio Solution File, Format Version 12.00
# Visual Studio 15
VisualStudioVersion = 15.0.28010.2046
MinimumVisualStudioVersion = 10.0.40219.1
Project("{9A19103F-16F7-4668-BE54-9A1E7A4F7556}") = "redrp_server", "redrp_server.csproj", "{73EF3E29-AD3A-4836-BD8A-6E55932A3249}"
EndProject
Project("{FAE04EC0-301F-11D3-BF4B-00C04F79EFBC}") = "redrp_client", "..\client_packages\cs_packages\redrp_client\redrp_client.csproj", "{2BC065AB-18A1-44BD-B2A0-B2325CB25925}"
EndProject
Global
	GlobalSection(SolutionConfigurationPlatforms) = preSolution
		Debug|Any CPU = Debug|Any CPU
		Release|Any CPU = Release|Any CPU
	EndGlobalSection
	GlobalSection(ProjectConfigurationPlatforms) = postSolution
		{73EF3E29-AD3A-4836-BD8A-6E55932A3249}.Debug|Any CPU.ActiveCfg = Debug|Any CPU
		{73EF3E29-AD3A-4836-BD8A-6E55932A3249}.Debug|Any CPU.Build.0 = Debug|Any CPU
		{73EF3E29-AD3A-4836-BD8A-6E55932A3249}.Release|Any CPU.ActiveCfg = Release|Any CPU
		{73EF3E29-AD3A-4836-BD8A-6E55932A3249}.Release|Any CPU.Build.0 = Release|Any CPU
		{2BC065AB-18A1-44BD-B2A0-B2325CB25925}.Debug|Any CPU.ActiveCfg = Debug|Any CPU
		{2BC065AB-18A1-44BD-B2A0-B2325CB25925}.Debug|Any CPU.Build.0 = Debug|Any CPU
		{2BC065AB-18A1-44BD-B2A0-B2325CB25925}.Release|Any CPU.ActiveCfg = Release|Any CPU
		{2BC065AB-18A1-44BD-B2A0-B2325CB25925}.Release|Any CPU.Build.0 = Release|Any CPU
	EndGlobalSection
	GlobalSection(SolutionProperties) = preSolution
		HideSolutionNode = FALSE
	EndGlobalSection
	GlobalSection(ExtensibilityGlobals) = postSolution
		SolutionGuid = {67438A28-9545-4E9E-B2AF-2A9E34A908D5}
	EndGlobalSection
EndGlobal
